
Microsoft Visual Studio Solution File, Format Version 12.00
# Visual Studio Version 16
VisualStudioVersion = 16.0.31005.135
MinimumVisualStudioVersion = 10.0.40219.1
Project("{FAE04EC0-301F-11D3-BF4B-00C04F79EFBC}") = "ListaDinamica", "ListaDinamica\ListaDinamica.csproj", "{23AEC06E-EDBC-4732-B3FA-4B1F299826E1}"
EndProject
Global
	GlobalSection(SolutionConfigurationPlatforms) = preSolution
		Debug|Any CPU = Debug|Any CPU
		Release|Any CPU = Release|Any CPU
	EndGlobalSection
	GlobalSection(ProjectConfigurationPlatforms) = postSolution
		{23AEC06E-EDBC-4732-B3FA-4B1F299826E1}.Debug|Any CPU.ActiveCfg = Debug|Any CPU
		{23AEC06E-EDBC-4732-B3FA-4B1F299826E1}.Debug|Any CPU.Build.0 = Debug|Any CPU
		{23AEC06E-EDBC-4732-B3FA-4B1F299826E1}.Release|Any CPU.ActiveCfg = Release|Any CPU
		{23AEC06E-EDBC-4732-B3FA-4B1F299826E1}.Release|Any CPU.Build.0 = Release|Any CPU
	EndGlobalSection
	GlobalSection(SolutionProperties) = preSolution
		HideSolutionNode = FALSE
	EndGlobalSection
	GlobalSection(ExtensibilityGlobals) = postSolution
		SolutionGuid = {7167C317-E50E-4F4D-9FD7-A59C31AC213A}
	EndGlobalSection
EndGlobal
